
Microsoft Visual Studio Solution File, Format Version 12.00
# Visual Studio Version 17
VisualStudioVersion = 17.9.34723.18
MinimumVisualStudioVersion = 10.0.40219.1
Project("{2150E333-8FDC-42A3-9474-1A3956D46DE8}") = "src", "src", "{E49DB29F-8922-40B1-A534-5933CA024C80}"
EndProject
Project("{2150E333-8FDC-42A3-9474-1A3956D46DE8}") = "tests", "tests", "{0CDF8CED-B26D-4CB1-808D-29C1D76D676B}"
EndProject
Project("{2150E333-8FDC-42A3-9474-1A3956D46DE8}") = "Presentation", "Presentation", "{54E9DAE0-8CF6-4629-B7D5-3B4F0FCC897E}"
EndProject
Project("{2150E333-8FDC-42A3-9474-1A3956D46DE8}") = "App", "App", "{02861100-D660-42B0-85D6-3CBD88D9B1F8}"
EndProject
Project("{9A19103F-16F7-4668-BE54-9A1E7A4F7556}") = "LorenzoPizzaMaui", "LorenzoPizzaMaui\LorenzoPizzaMaui.csproj", "{4C3A70C2-B555-4F68-B893-676DEBA699CD}"
EndProject
Global
	GlobalSection(SolutionConfigurationPlatforms) = preSolution
		Debug|Any CPU = Debug|Any CPU
		Release|Any CPU = Release|Any CPU
	EndGlobalSection
	GlobalSection(ProjectConfigurationPlatforms) = postSolution
		{4C3A70C2-B555-4F68-B893-676DEBA699CD}.Debug|Any CPU.ActiveCfg = Debug|Any CPU
		{4C3A70C2-B555-4F68-B893-676DEBA699CD}.Debug|Any CPU.Build.0 = Debug|Any CPU
		{4C3A70C2-B555-4F68-B893-676DEBA699CD}.Debug|Any CPU.Deploy.0 = Debug|Any CPU
		{4C3A70C2-B555-4F68-B893-676DEBA699CD}.Release|Any CPU.ActiveCfg = Release|Any CPU
		{4C3A70C2-B555-4F68-B893-676DEBA699CD}.Release|Any CPU.Build.0 = Release|Any CPU
		{4C3A70C2-B555-4F68-B893-676DEBA699CD}.Release|Any CPU.Deploy.0 = Release|Any CPU
	EndGlobalSection
	GlobalSection(SolutionProperties) = preSolution
		HideSolutionNode = FALSE
	EndGlobalSection
	GlobalSection(NestedProjects) = preSolution
		{54E9DAE0-8CF6-4629-B7D5-3B4F0FCC897E} = {E49DB29F-8922-40B1-A534-5933CA024C80}
		{02861100-D660-42B0-85D6-3CBD88D9B1F8} = {54E9DAE0-8CF6-4629-B7D5-3B4F0FCC897E}
		{4C3A70C2-B555-4F68-B893-676DEBA699CD} = {02861100-D660-42B0-85D6-3CBD88D9B1F8}
	EndGlobalSection
	GlobalSection(ExtensibilityGlobals) = postSolution
		SolutionGuid = {CD647B9C-5FD8-4259-89F6-05DE245B8855}
	EndGlobalSection
EndGlobal
